
Microsoft Visual Studio Solution File, Format Version 12.00
# Visual Studio Version 17
VisualStudioVersion = 17.7.34031.279
MinimumVisualStudioVersion = 10.0.40219.1
Project("{FAE04EC0-301F-11D3-BF4B-00C04F79EFBC}") = "P3_1_714220046", "P3_1_714220046\P3_1_714220046.csproj", "{F99302A6-AE79-47D4-8424-1DE90C73871A}"
EndProject
Global
	GlobalSection(SolutionConfigurationPlatforms) = preSolution
		Debug|Any CPU = Debug|Any CPU
		Release|Any CPU = Release|Any CPU
	EndGlobalSection
	GlobalSection(ProjectConfigurationPlatforms) = postSolution
		{F99302A6-AE79-47D4-8424-1DE90C73871A}.Debug|Any CPU.ActiveCfg = Debug|Any CPU
		{F99302A6-AE79-47D4-8424-1DE90C73871A}.Debug|Any CPU.Build.0 = Debug|Any CPU
		{F99302A6-AE79-47D4-8424-1DE90C73871A}.Release|Any CPU.ActiveCfg = Release|Any CPU
		{F99302A6-AE79-47D4-8424-1DE90C73871A}.Release|Any CPU.Build.0 = Release|Any CPU
	EndGlobalSection
	GlobalSection(SolutionProperties) = preSolution
		HideSolutionNode = FALSE
	EndGlobalSection
	GlobalSection(ExtensibilityGlobals) = postSolution
		SolutionGuid = {76E1F750-3C54-4F6F-9005-44A920E0C939}
	EndGlobalSection
EndGlobal
