
Microsoft Visual Studio Solution File, Format Version 12.00
# Visual Studio Version 17
VisualStudioVersion = 17.7.34031.279
MinimumVisualStudioVersion = 10.0.40219.1
Project("{FAE04EC0-301F-11D3-BF4B-00C04F79EFBC}") = "P4_2_714220046", "P4_2_714220046\P4_2_714220046.csproj", "{FFEF83E6-1F3E-43CE-8742-A877C3B9C2C3}"
EndProject
Global
	GlobalSection(SolutionConfigurationPlatforms) = preSolution
		Debug|Any CPU = Debug|Any CPU
		Release|Any CPU = Release|Any CPU
	EndGlobalSection
	GlobalSection(ProjectConfigurationPlatforms) = postSolution
		{FFEF83E6-1F3E-43CE-8742-A877C3B9C2C3}.Debug|Any CPU.ActiveCfg = Debug|Any CPU
		{FFEF83E6-1F3E-43CE-8742-A877C3B9C2C3}.Debug|Any CPU.Build.0 = Debug|Any CPU
		{FFEF83E6-1F3E-43CE-8742-A877C3B9C2C3}.Release|Any CPU.ActiveCfg = Release|Any CPU
		{FFEF83E6-1F3E-43CE-8742-A877C3B9C2C3}.Release|Any CPU.Build.0 = Release|Any CPU
	EndGlobalSection
	GlobalSection(SolutionProperties) = preSolution
		HideSolutionNode = FALSE
	EndGlobalSection
	GlobalSection(ExtensibilityGlobals) = postSolution
		SolutionGuid = {826D3EF9-6E7A-4E4A-BC10-05127FBE4B1B}
	EndGlobalSection
EndGlobal
