
Microsoft Visual Studio Solution File, Format Version 12.00
# Visual Studio Version 17
VisualStudioVersion = 17.7.34031.279
MinimumVisualStudioVersion = 10.0.40219.1
Project("{FAE04EC0-301F-11D3-BF4B-00C04F79EFBC}") = "P5_1_714220046", "P5_1_714220046\P5_1_714220046.csproj", "{ED7AE310-DF82-4DF6-812F-6153A09F358B}"
EndProject
Global
	GlobalSection(SolutionConfigurationPlatforms) = preSolution
		Debug|Any CPU = Debug|Any CPU
		Release|Any CPU = Release|Any CPU
	EndGlobalSection
	GlobalSection(ProjectConfigurationPlatforms) = postSolution
		{ED7AE310-DF82-4DF6-812F-6153A09F358B}.Debug|Any CPU.ActiveCfg = Debug|Any CPU
		{ED7AE310-DF82-4DF6-812F-6153A09F358B}.Debug|Any CPU.Build.0 = Debug|Any CPU
		{ED7AE310-DF82-4DF6-812F-6153A09F358B}.Release|Any CPU.ActiveCfg = Release|Any CPU
		{ED7AE310-DF82-4DF6-812F-6153A09F358B}.Release|Any CPU.Build.0 = Release|Any CPU
	EndGlobalSection
	GlobalSection(SolutionProperties) = preSolution
		HideSolutionNode = FALSE
	EndGlobalSection
	GlobalSection(ExtensibilityGlobals) = postSolution
		SolutionGuid = {D2E764C0-D951-45F0-BE8F-D1E9FA66932D}
	EndGlobalSection
EndGlobal
