
Microsoft Visual Studio Solution File, Format Version 12.00
# Visual Studio Version 17
VisualStudioVersion = 17.7.34031.279
MinimumVisualStudioVersion = 10.0.40219.1
Project("{FAE04EC0-301F-11D3-BF4B-00C04F79EFBC}") = "P9_714220046", "P9_714220046\P9_714220046.csproj", "{6532B107-3E7E-48D1-9BEE-ED0EBC67359E}"
EndProject
Global
	GlobalSection(SolutionConfigurationPlatforms) = preSolution
		Debug|Any CPU = Debug|Any CPU
		Release|Any CPU = Release|Any CPU
	EndGlobalSection
	GlobalSection(ProjectConfigurationPlatforms) = postSolution
		{6532B107-3E7E-48D1-9BEE-ED0EBC67359E}.Debug|Any CPU.ActiveCfg = Debug|Any CPU
		{6532B107-3E7E-48D1-9BEE-ED0EBC67359E}.Debug|Any CPU.Build.0 = Debug|Any CPU
		{6532B107-3E7E-48D1-9BEE-ED0EBC67359E}.Release|Any CPU.ActiveCfg = Release|Any CPU
		{6532B107-3E7E-48D1-9BEE-ED0EBC67359E}.Release|Any CPU.Build.0 = Release|Any CPU
	EndGlobalSection
	GlobalSection(SolutionProperties) = preSolution
		HideSolutionNode = FALSE
	EndGlobalSection
	GlobalSection(ExtensibilityGlobals) = postSolution
		SolutionGuid = {13CC32B8-D3A1-4DCA-802D-AD3182FA66C6}
	EndGlobalSection
EndGlobal
