
Microsoft Visual Studio Solution File, Format Version 12.00
# Visual Studio Version 17
VisualStudioVersion = 17.7.34031.279
MinimumVisualStudioVersion = 10.0.40219.1
Project("{FAE04EC0-301F-11D3-BF4B-00C04F79EFBC}") = "TrainingP4", "TrainingP4\TrainingP4.csproj", "{4A0C7D46-D9A9-4E2D-B9A0-582B95195FEC}"
EndProject
Global
	GlobalSection(SolutionConfigurationPlatforms) = preSolution
		Debug|Any CPU = Debug|Any CPU
		Release|Any CPU = Release|Any CPU
	EndGlobalSection
	GlobalSection(ProjectConfigurationPlatforms) = postSolution
		{4A0C7D46-D9A9-4E2D-B9A0-582B95195FEC}.Debug|Any CPU.ActiveCfg = Debug|Any CPU
		{4A0C7D46-D9A9-4E2D-B9A0-582B95195FEC}.Debug|Any CPU.Build.0 = Debug|Any CPU
		{4A0C7D46-D9A9-4E2D-B9A0-582B95195FEC}.Release|Any CPU.ActiveCfg = Release|Any CPU
		{4A0C7D46-D9A9-4E2D-B9A0-582B95195FEC}.Release|Any CPU.Build.0 = Release|Any CPU
	EndGlobalSection
	GlobalSection(SolutionProperties) = preSolution
		HideSolutionNode = FALSE
	EndGlobalSection
	GlobalSection(ExtensibilityGlobals) = postSolution
		SolutionGuid = {53219172-DC88-4BC2-BE6C-BB86785695AA}
	EndGlobalSection
EndGlobal
